
Microsoft Visual Studio Solution File, Format Version 12.00
# Visual Studio Version 17
VisualStudioVersion = 17.6.33829.357
MinimumVisualStudioVersion = 10.0.40219.1
Project("{FAE04EC0-301F-11D3-BF4B-00C04F79EFBC}") = "ModalGen", "ModalGen\ModalGen.csproj", "{BFF8DC2D-C0B5-4F80-A8E1-E1DF8D09BB5C}"
EndProject
Global
	GlobalSection(SolutionConfigurationPlatforms) = preSolution
		Debug|Any CPU = Debug|Any CPU
		Release|Any CPU = Release|Any CPU
	EndGlobalSection
	GlobalSection(ProjectConfigurationPlatforms) = postSolution
		{BFF8DC2D-C0B5-4F80-A8E1-E1DF8D09BB5C}.Debug|Any CPU.ActiveCfg = Debug|Any CPU
		{BFF8DC2D-C0B5-4F80-A8E1-E1DF8D09BB5C}.Debug|Any CPU.Build.0 = Debug|Any CPU
		{BFF8DC2D-C0B5-4F80-A8E1-E1DF8D09BB5C}.Release|Any CPU.ActiveCfg = Release|Any CPU
		{BFF8DC2D-C0B5-4F80-A8E1-E1DF8D09BB5C}.Release|Any CPU.Build.0 = Release|Any CPU
	EndGlobalSection
	GlobalSection(SolutionProperties) = preSolution
		HideSolutionNode = FALSE
	EndGlobalSection
	GlobalSection(ExtensibilityGlobals) = postSolution
		SolutionGuid = {4FE60649-DC07-4886-B40B-26E52E7763EE}
	EndGlobalSection
EndGlobal
